// !$*UTF8*$!
{
	archiveVersion = 1;
	classes = {
	};
	objectVersion = 46;
	objects = {

/* Begin PBXBuildFile section */
		BFC6F15D1B1F92E500FD216E /* AppDelegate.swift in Sources */ = {isa = PBXBuildFile; fileRef = BFC6F15C1B1F92E500FD216E /* AppDelegate.swift */; };
		BFC6F15F1B1F92E500FD216E /* ViewController.swift in Sources */ = {isa = PBXBuildFile; fileRef = BFC6F15E1B1F92E500FD216E /* ViewController.swift */; };
		BFC6F1621B1F92E500FD216E /* Main.storyboard in Resources */ = {isa = PBXBuildFile; fileRef = BFC6F1601B1F92E500FD216E /* Main.storyboard */; };
		BFC6F1641B1F92E500FD216E /* Images.xcassets in Resources */ = {isa = PBXBuildFile; fileRef = BFC6F1631B1F92E500FD216E /* Images.xcassets */; };
		BFC6F1671B1F92E500FD216E /* LaunchScreen.xib in Resources */ = {isa = PBXBuildFile; fileRef = BFC6F1651B1F92E500FD216E /* LaunchScreen.xib */; };
		BFC6F1731B1F92E500FD216E /* StretchyHeadersTests.swift in Sources */ = {isa = PBXBuildFile; fileRef = BFC6F1721B1F92E500FD216E /* StretchyHeadersTests.swift */; };
/* End PBXBuildFile section */

/* Begin PBXContainerItemProxy section */
		BFC6F16D1B1F92E500FD216E /* PBXContainerItemProxy */ = {
			isa = PBXContainerItemProxy;
			containerPortal = BFC6F14F1B1F92E500FD216E /* Project object */;
			proxyType = 1;
			remoteGlobalIDString = BFC6F1561B1F92E500FD216E;
			remoteInfo = StretchyHeaders;
		};
/* End PBXContainerItemProxy section */

/* Begin PBXFileReference section */
		BFC6F1571B1F92E500FD216E /* StretchyHeaders.app */ = {isa = PBXFileReference; explicitFileType = wrapper.application; includeInIndex = 0; path = StretchyHeaders.app; sourceTree = BUILT_PRODUCTS_DIR; };
		BFC6F15B1B1F92E500FD216E /* Info.plist */ = {isa = PBXFileReference; lastKnownFileType = text.plist.xml; path = Info.plist; sourceTree = "<group>"; };
		BFC6F15C1B1F92E500FD216E /* AppDelegate.swift */ = {isa = PBXFileReference; lastKnownFileType = sourcecode.swift; path = AppDelegate.swift; sourceTree = "<group>"; };
		BFC6F15E1B1F92E500FD216E /* ViewController.swift */ = {isa = PBXFileReference; lastKnownFileType = sourcecode.swift; path = ViewController.swift; sourceTree = "<group>"; };
		BFC6F1611B1F92E500FD216E /* Base */ = {isa = PBXFileReference; lastKnownFileType = file.storyboard; name = Base; path = Base.lproj/Main.storyboard; sourceTree = "<group>"; };
		BFC6F1631B1F92E500FD216E /* Images.xcassets */ = {isa = PBXFileReference; lastKnownFileType = folder.assetcatalog; path = Images.xcassets; sourceTree = "<group>"; };
		BFC6F1661B1F92E500FD216E /* Base */ = {isa = PBXFileReference; lastKnownFileType = file.xib; name = Base; path = Base.lproj/LaunchScreen.xib; sourceTree = "<group>"; };
		BFC6F16C1B1F92E500FD216E /* StretchyHeadersTests.xctest */ = {isa = PBXFileReference; explicitFileType = wrapper.cfbundle; includeInIndex = 0; path = StretchyHeadersTests.xctest; sourceTree = BUILT_PRODUCTS_DIR; };
		BFC6F1711B1F92E500FD216E /* Info.plist */ = {isa = PBXFileReference; lastKnownFileType = text.plist.xml; path = Info.plist; sourceTree = "<group>"; };
		BFC6F1721B1F92E500FD216E /* StretchyHeadersTests.swift */ = {isa = PBXFileReference; lastKnownFileType = sourcecode.swift; path = StretchyHeadersTests.swift; sourceTree = "<group>"; };
/* End PBXFileReference section */

/* Begin PBXFrameworksBuildPhase section */
		BFC6F1541B1F92E500FD216E /* Frameworks */ = {
			isa = PBXFrameworksBuildPhase;
			buildActionMask = 2147483647;
			files = (
			);
			runOnlyForDeploymentPostprocessing = 0;
		};
		BFC6F1691B1F92E500FD216E /* Frameworks */ = {
			isa = PBXFrameworksBuildPhase;
			buildActionMask = 2147483647;
			files = (
			);
			runOnlyForDeploymentPostprocessing = 0;
		};
/* End PBXFrameworksBuildPhase section */

/* Begin PBXGroup section */
		BFC6F14E1B1F92E500FD216E = {
			isa = PBXGroup;
			children = (
				BFC6F1591B1F92E500FD216E /* StretchyHeaders */,
				BFC6F16F1B1F92E500FD216E /* StretchyHeadersTests */,
				BFC6F1581B1F92E500FD216E /* Products */,
			);
			sourceTree = "<group>";
		};
		BFC6F1581B1F92E500FD216E /* Products */ = {
			isa = PBXGroup;
			children = (
				BFC6F1571B1F92E500FD216E /* StretchyHeaders.app */,
				BFC6F16C1B1F92E500FD216E /* StretchyHeadersTests.xctest */,
			);
			name = Products;
			sourceTree = "<group>";
		};
		BFC6F1591B1F92E500FD216E /* StretchyHeaders */ = {
			isa = PBXGroup;
			children = (
				BFC6F15C1B1F92E500FD216E /* AppDelegate.swift */,
				BFC6F15E1B1F92E500FD216E /* ViewController.swift */,
				BFC6F1601B1F92E500FD216E /* Main.storyboard */,
				BFC6F1631B1F92E500FD216E /* Images.xcassets */,
				BFC6F1651B1F92E500FD216E /* LaunchScreen.xib */,
				BFC6F15A1B1F92E500FD216E /* Supporting Files */,
			);
			path = StretchyHeaders;
			sourceTree = "<group>";
		};
		BFC6F15A1B1F92E500FD216E /* Supporting Files */ = {
			isa = PBXGroup;
			children = (
				BFC6F15B1B1F92E500FD216E /* Info.plist */,
			);
			name = "Supporting Files";
			sourceTree = "<group>";
		};
		BFC6F16F1B1F92E500FD216E /* StretchyHeadersTests */ = {
			isa = PBXGroup;
			children = (
				BFC6F1721B1F92E500FD216E /* StretchyHeadersTests.swift */,
				BFC6F1701B1F92E500FD216E /* Supporting Files */,
			);
			path = StretchyHeadersTests;
			sourceTree = "<group>";
		};
		BFC6F1701B1F92E500FD216E /* Supporting Files */ = {
			isa = PBXGroup;
			children = (
				BFC6F1711B1F92E500FD216E /* Info.plist */,
			);
			name = "Supporting Files";
			sourceTree = "<group>";
		};
/* End PBXGroup section */

/* Begin PBXNativeTarget section */
		BFC6F1561B1F92E500FD216E /* StretchyHeaders */ = {
			isa = PBXNativeTarget;
			buildConfigurationList = BFC6F1761B1F92E500FD216E /* Build configuration list for PBXNativeTarget "StretchyHeaders" */;
			buildPhases = (
				BFC6F1531B1F92E500FD216E /* Sources */,
				BFC6F1541B1F92E500FD216E /* Frameworks */,
				BFC6F1551B1F92E500FD216E /* Resources */,
			);
			buildRules = (
			);
			dependencies = (
			);
			name = StretchyHeaders;
			productName = StretchyHeaders;
			productReference = BFC6F1571B1F92E500FD216E /* StretchyHeaders.app */;
			productType = "com.apple.product-type.application";
		};
		BFC6F16B1B1F92E500FD216E /* StretchyHeadersTests */ = {
			isa = PBXNativeTarget;
			buildConfigurationList = BFC6F1791B1F92E500FD216E /* Build configuration list for PBXNativeTarget "StretchyHeadersTests" */;
			buildPhases = (
				BFC6F1681B1F92E500FD216E /* Sources */,
				BFC6F1691B1F92E500FD216E /* Frameworks */,
				BFC6F16A1B1F92E500FD216E /* Resources */,
			);
			buildRules = (
			);
			dependencies = (
				BFC6F16E1B1F92E500FD216E /* PBXTargetDependency */,
			);
			name = StretchyHeadersTests;
			productName = StretchyHeadersTests;
			productReference = BFC6F16C1B1F92E500FD216E /* StretchyHeadersTests.xctest */;
			productType = "com.apple.product-type.bundle.unit-test";
		};
/* End PBXNativeTarget section */

/* Begin PBXProject section */
		BFC6F14F1B1F92E500FD216E /* Project object */ = {
			isa = PBXProject;
			attributes = {
				LastUpgradeCheck = 0630;
				ORGANIZATIONNAME = "Nick Brandaleone";
				TargetAttributes = {
					BFC6F1561B1F92E500FD216E = {
						CreatedOnToolsVersion = 6.3.2;
					};
					BFC6F16B1B1F92E500FD216E = {
						CreatedOnToolsVersion = 6.3.2;
						TestTargetID = BFC6F1561B1F92E500FD216E;
					};
				};
			};
			buildConfigurationList = BFC6F1521B1F92E500FD216E /* Build configuration list for PBXProject "StretchyHeaders" */;
			compatibilityVersion = "Xcode 3.2";
			developmentRegion = English;
			hasScannedForEncodings = 0;
			knownRegions = (
				en,
				Base,
			);
			mainGroup = BFC6F14E1B1F92E500FD216E;
			productRefGroup = BFC6F1581B1F92E500FD216E /* Products */;
			projectDirPath = "";
			projectRoot = "";
			targets = (
				BFC6F1561B1F92E500FD216E /* StretchyHeaders */,
				BFC6F16B1B1F92E500FD216E /* StretchyHeadersTests */,
			);
		};
/* End PBXProject section */

/* Begin PBXResourcesBuildPhase section */
		BFC6F1551B1F92E500FD216E /* Resources */ = {
			isa = PBXResourcesBuildPhase;
			buildActionMask = 2147483647;
			files = (
				BFC6F1621B1F92E500FD216E /* Main.storyboard in Resources */,
				BFC6F1671B1F92E500FD216E /* LaunchScreen.xib in Resources */,
				BFC6F1641B1F92E500FD216E /* Images.xcassets in Resources */,
			);
			runOnlyForDeploymentPostprocessing = 0;
		};
		BFC6F16A1B1F92E500FD216E /* Resources */ = {
			isa = PBXResourcesBuildPhase;
			buildActionMask = 2147483647;
			files = (
			);
			runOnlyForDeploymentPostprocessing = 0;
		};
/* End PBXResourcesBuildPhase section */

/* Begin PBXSourcesBuildPhase section */
		BFC6F1531B1F92E500FD216E /* Sources */ = {
			isa = PBXSourcesBuildPhase;
			buildActionMask = 2147483647;
			files = (
				BFC6F15F1B1F92E500FD216E /* ViewController.swift in Sources */,
				BFC6F15D1B1F92E500FD216E /* AppDelegate.swift in Sources */,
			);
			runOnlyForDeploymentPostprocessing = 0;
		};
		BFC6F1681B1F92E500FD216E /* Sources */ = {
			isa = PBXSourcesBuildPhase;
			buildActionMask = 2147483647;
			files = (
				BFC6F1731B1F92E500FD216E /* StretchyHeadersTests.swift in Sources */,
			);
			runOnlyForDeploymentPostprocessing = 0;
		};
/* End PBXSourcesBuildPhase section */

/* Begin PBXTargetDependency section */
		BFC6F16E1B1F92E500FD216E /* PBXTargetDependency */ = {
			isa = PBXTargetDependency;
			target = BFC6F1561B1F92E500FD216E /* StretchyHeaders */;
			targetProxy = BFC6F16D1B1F92E500FD216E /* PBXContainerItemProxy */;
		};
/* End PBXTargetDependency section */

/* Begin PBXVariantGroup section */
		BFC6F1601B1F92E500FD216E /* Main.storyboard */ = {
			isa = PBXVariantGroup;
			children = (
				BFC6F1611B1F92E500FD216E /* Base */,
			);
			name = Main.storyboard;
			sourceTree = "<group>";
		};
		BFC6F1651B1F92E500FD216E /* LaunchScreen.xib */ = {
			isa = PBXVariantGroup;
			children = (
				BFC6F1661B1F92E500FD216E /* Base */,
			);
			name = LaunchScreen.xib;
			sourceTree = "<group>";
		};
/* End PBXVariantGroup section */

/* Begin XCBuildConfiguration section */
		BFC6F1741B1F92E500FD216E /* Debug */ = {
			isa = XCBuildConfiguration;
			buildSettings = {
				ALWAYS_SEARCH_USER_PATHS = NO;
				CLANG_CXX_LANGUAGE_STANDARD = "gnu++0x";
				CLANG_CXX_LIBRARY = "libc++";
				CLANG_ENABLE_MODULES = YES;
				CLANG_ENABLE_OBJC_ARC = YES;
				CLANG_WARN_BOOL_CONVERSION = YES;
				CLANG_WARN_CONSTANT_CONVERSION = YES;
				CLANG_WARN_DIRECT_OBJC_ISA_USAGE = YES_ERROR;
				CLANG_WARN_EMPTY_BODY = YES;
				CLANG_WARN_ENUM_CONVERSION = YES;
				CLANG_WARN_INT_CONVERSION = YES;
				CLANG_WARN_OBJC_ROOT_CLASS = YES_ERROR;
				CLANG_WARN_UNREACHABLE_CODE = YES;
				CLANG_WARN__DUPLICATE_METHOD_MATCH = YES;
				"CODE_SIGN_IDENTITY[sdk=iphoneos*]" = "iPhone Developer";
				COPY_PHASE_STRIP = NO;
				DEBUG_INFORMATION_FORMAT = "dwarf-with-dsym";
				ENABLE_STRICT_OBJC_MSGSEND = YES;
				GCC_C_LANGUAGE_STANDARD = gnu99;
				GCC_DYNAMIC_NO_PIC = NO;
				GCC_NO_COMMON_BLOCKS = YES;
				GCC_OPTIMIZATION_LEVEL = 0;
				GCC_PREPROCESSOR_DEFINITIONS = (
					"DEBUG=1",
					"$(inherited)",
				);
				GCC_SYMBOLS_PRIVATE_EXTERN = NO;
				GCC_WARN_64_TO_32_BIT_CONVERSION = YES;
				GCC_WARN_ABOUT_RETURN_TYPE = YES_ERROR;
				GCC_WARN_UNDECLARED_SELECTOR = YES;
				GCC_WARN_UNINITIALIZED_AUTOS = YES_AGGRESSIVE;
				GCC_WARN_UNUSED_FUNCTION = YES;
				GCC_WARN_UNUSED_VARIABLE = YES;
				IPHONEOS_DEPLOYMENT_TARGET = 8.3;
				MTL_ENABLE_DEBUG_INFO = YES;
				ONLY_ACTIVE_ARCH = YES;
				SDKROOT = iphoneos;
				SWIFT_OPTIMIZATION_LEVEL = "-Onone";
			};
			name = Debug;
		};
		BFC6F1751B1F92E500FD216E /* Release */ = {
			isa = XCBuildConfiguration;
			buildSettings = {
				ALWAYS_SEARCH_USER_PATHS = NO;
				CLANG_CXX_LANGUAGE_STANDARD = "gnu++0x";
				CLANG_CXX_LIBRARY = "libc++";
				CLANG_ENABLE_MODULES = YES;
				CLANG_ENABLE_OBJC_ARC = YES;
				CLANG_WARN_BOOL_CONVERSION = YES;
				CLANG_WARN_CONSTANT_CONVERSION = YES;
				CLANG_WARN_DIRECT_OBJC_ISA_USAGE = YES_ERROR;
				CLANG_WARN_EMPTY_BODY = YES;
				CLANG_WARN_ENUM_CONVERSION = YES;
				CLANG_WARN_INT_CONVERSION = YES;
				CLANG_WARN_OBJC_ROOT_CLASS = YES_ERROR;
				CLANG_WARN_UNREACHABLE_CODE = YES;
				CLANG_WARN__DUPLICATE_METHOD_MATCH = YES;
				"CODE_SIGN_IDENTITY[sdk=iphoneos*]" = "iPhone Developer";
				COPY_PHASE_STRIP = NO;
				DEBUG_INFORMATION_FORMAT = "dwarf-with-dsym";
				ENABLE_NS_ASSERTIONS = NO;
				ENABLE_STRICT_OBJC_MSGSEND = YES;
				GCC_C_LANGUAGE_STANDARD = gnu99;
				GCC_NO_COMMON_BLOCKS = YES;
				GCC_WARN_64_TO_32_BIT_CONVERSION = YES;
				GCC_WARN_ABOUT_RETURN_TYPE = YES_ERROR;
				GCC_WARN_UNDECLARED_SELECTOR = YES;
				GCC_WARN_UNINITIALIZED_AUTOS = YES_AGGRESSIVE;
				GCC_WARN_UNUSED_FUNCTION = YES;
				GCC_WARN_UNUSED_VARIABLE = YES;
				IPHONEOS_DEPLOYMENT_TARGET = 8.3;
				MTL_ENABLE_DEBUG_INFO = NO;
				SDKROOT = iphoneos;
				VALIDATE_PRODUCT = YES;
			};
			name = Release;
		};
		BFC6F1771B1F92E500FD216E /* Debug */ = {
			isa = XCBuildConfiguration;
			buildSettings = {
				ASSETCATALOG_COMPILER_APPICON_NAME = AppIcon;
				INFOPLIST_FILE = StretchyHeaders/Info.plist;
				LD_RUNPATH_SEARCH_PATHS = "$(inherited) @executable_path/Frameworks";
				PRODUCT_NAME = "$(TARGET_NAME)";
			};
			name = Debug;
		};
		BFC6F1781B1F92E500FD216E /* Release */ = {
			isa = XCBuildConfiguration;
			buildSettings = {
				ASSETCATALOG_COMPILER_APPICON_NAME = AppIcon;
				INFOPLIST_FILE = StretchyHeaders/Info.plist;
				LD_RUNPATH_SEARCH_PATHS = "$(inherited) @executable_path/Frameworks";
				PRODUCT_NAME = "$(TARGET_NAME)";
			};
			name = Release;
		};
		BFC6F17A1B1F92E500FD216E /* Debug */ = {
			isa = XCBuildConfiguration;
			buildSettings = {
				BUNDLE_LOADER = "$(TEST_HOST)";
				FRAMEWORK_SEARCH_PATHS = (
					"$(SDKROOT)/Developer/Library/Frameworks",
					"$(inherited)",
				);
				GCC_PREPROCESSOR_DEFINITIONS = (
					"DEBUG=1",
					"$(inherited)",
				);
				INFOPLIST_FILE = StretchyHeadersTests/Info.plist;
				LD_RUNPATH_SEARCH_PATHS = "$(inherited) @executable_path/Frameworks @loader_path/Frameworks";
				PRODUCT_NAME = "$(TARGET_NAME)";
				TEST_HOST = "$(BUILT_PRODUCTS_DIR)/StretchyHeaders.app/StretchyHeaders";
			};
			name = Debug;
		};
		BFC6F17B1B1F92E500FD216E /* Release */ = {
			isa = XCBuildConfiguration;
			buildSettings = {
				BUNDLE_LOADER = "$(TEST_HOST)";
				FRAMEWORK_SEARCH_PATHS = (
					"$(SDKROOT)/Developer/Library/Frameworks",
					"$(inherited)",
				);
				INFOPLIST_FILE = StretchyHeadersTests/Info.plist;
				LD_RUNPATH_SEARCH_PATHS = "$(inherited) @executable_path/Frameworks @loader_path/Frameworks";
				PRODUCT_NAME = "$(TARGET_NAME)";
				TEST_HOST = "$(BUILT_PRODUCTS_DIR)/StretchyHeaders.app/StretchyHeaders";
			};
			name = Release;
		};
/* End XCBuildConfiguration section */

/* Begin XCConfigurationList section */
		BFC6F1521B1F92E500FD216E /* Build configuration list for PBXProject "StretchyHeaders" */ = {
			isa = XCConfigurationList;
			buildConfigurations = (
				BFC6F1741B1F92E500FD216E /* Debug */,
				BFC6F1751B1F92E500FD216E /* Release */,
			);
			defaultConfigurationIsVisible = 0;
			defaultConfigurationName = Release;
		};
		BFC6F1761B1F92E500FD216E /* Build configuration list for PBXNativeTarget "StretchyHeaders" */ = {
			isa = XCConfigurationList;
			buildConfigurations = (
				BFC6F1771B1F92E500FD216E /* Debug */,
				BFC6F1781B1F92E500FD216E /* Release */,
			);
			defaultConfigurationIsVisible = 0;
		};
		BFC6F1791B1F92E500FD216E /* Build configuration list for PBXNativeTarget "StretchyHeadersTests" */ = {
			isa = XCConfigurationList;
			buildConfigurations = (
				BFC6F17A1B1F92E500FD216E /* Debug */,
				BFC6F17B1B1F92E500FD216E /* Release */,
			);
			defaultConfigurationIsVisible = 0;
		};
/* End XCConfigurationList section */
	};
	rootObject = BFC6F14F1B1F92E500FD216E /* Project object */;
}
